
Microsoft Visual Studio Solution File, Format Version 12.00
# Visual Studio 15
VisualStudioVersion = 15.0.28307.705
MinimumVisualStudioVersion = 10.0.40219.1
Project("{FAE04EC0-301F-11D3-BF4B-00C04F79EFBC}") = "NotificationSample.Android", "NotificationSample\NotificationSample.Android\NotificationSample.Android.csproj", "{DF65B91F-DED0-419C-B5D2-CC228566D6F3}"
EndProject
Project("{FAE04EC0-301F-11D3-BF4B-00C04F79EFBC}") = "NotificationSample.iOS", "NotificationSample\NotificationSample.iOS\NotificationSample.iOS.csproj", "{4319B986-1A43-4514-BDD0-2B04625C8165}"
EndProject
Project("{FAE04EC0-301F-11D3-BF4B-00C04F79EFBC}") = "NotificationSample.UWP", "NotificationSample\NotificationSample.UWP\NotificationSample.UWP.csproj", "{6071D23D-30F2-45A4-99BB-AA7269CAA490}"
EndProject
Project("{FAE04EC0-301F-11D3-BF4B-00C04F79EFBC}") = "NotificationSample", "NotificationSample\NotificationSample\NotificationSample.csproj", "{0F7EB0A7-81D4-4EE8-A912-B7DBF1A318CF}"
EndProject
Global
	GlobalSection(SolutionConfigurationPlatforms) = preSolution
		Ad-Hoc|Any CPU = Ad-Hoc|Any CPU
		Ad-Hoc|ARM = Ad-Hoc|ARM
		Ad-Hoc|iPhone = Ad-Hoc|iPhone
		Ad-Hoc|iPhoneSimulator = Ad-Hoc|iPhoneSimulator
		Ad-Hoc|x64 = Ad-Hoc|x64
		Ad-Hoc|x86 = Ad-Hoc|x86
		AppStore|Any CPU = AppStore|Any CPU
		AppStore|ARM = AppStore|ARM
		AppStore|iPhone = AppStore|iPhone
		AppStore|iPhoneSimulator = AppStore|iPhoneSimulator
		AppStore|x64 = AppStore|x64
		AppStore|x86 = AppStore|x86
		Debug|Any CPU = Debug|Any CPU
		Debug|ARM = Debug|ARM
		Debug|iPhone = Debug|iPhone
		Debug|iPhoneSimulator = Debug|iPhoneSimulator
		Debug|x64 = Debug|x64
		Debug|x86 = Debug|x86
		Release|Any CPU = Release|Any CPU
		Release|ARM = Release|ARM
		Release|iPhone = Release|iPhone
		Release|iPhoneSimulator = Release|iPhoneSimulator
		Release|x64 = Release|x64
		Release|x86 = Release|x86
	EndGlobalSection
	GlobalSection(ProjectConfigurationPlatforms) = postSolution
		{DF65B91F-DED0-419C-B5D2-CC228566D6F3}.Ad-Hoc|Any CPU.ActiveCfg = Release|Any CPU
		{DF65B91F-DED0-419C-B5D2-CC228566D6F3}.Ad-Hoc|Any CPU.Build.0 = Release|Any CPU
		{DF65B91F-DED0-419C-B5D2-CC228566D6F3}.Ad-Hoc|Any CPU.Deploy.0 = Release|Any CPU
		{DF65B91F-DED0-419C-B5D2-CC228566D6F3}.Ad-Hoc|ARM.ActiveCfg = Release|Any CPU
		{DF65B91F-DED0-419C-B5D2-CC228566D6F3}.Ad-Hoc|ARM.Build.0 = Release|Any CPU
		{DF65B91F-DED0-419C-B5D2-CC228566D6F3}.Ad-Hoc|ARM.Deploy.0 = Release|Any CPU
		{DF65B91F-DED0-419C-B5D2-CC228566D6F3}.Ad-Hoc|iPhone.ActiveCfg = Release|Any CPU
		{DF65B91F-DED0-419C-B5D2-CC228566D6F3}.Ad-Hoc|iPhone.Build.0 = Release|Any CPU
		{DF65B91F-DED0-419C-B5D2-CC228566D6F3}.Ad-Hoc|iPhone.Deploy.0 = Release|Any CPU
		{DF65B91F-DED0-419C-B5D2-CC228566D6F3}.Ad-Hoc|iPhoneSimulator.ActiveCfg = Release|Any CPU
		{DF65B91F-DED0-419C-B5D2-CC228566D6F3}.Ad-Hoc|iPhoneSimulator.Build.0 = Release|Any CPU
		{DF65B91F-DED0-419C-B5D2-CC228566D6F3}.Ad-Hoc|iPhoneSimulator.Deploy.0 = Release|Any CPU
		{DF65B91F-DED0-419C-B5D2-CC228566D6F3}.Ad-Hoc|x64.ActiveCfg = Release|Any CPU
		{DF65B91F-DED0-419C-B5D2-CC228566D6F3}.Ad-Hoc|x64.Build.0 = Release|Any CPU
		{DF65B91F-DED0-419C-B5D2-CC228566D6F3}.Ad-Hoc|x64.Deploy.0 = Release|Any CPU
		{DF65B91F-DED0-419C-B5D2-CC228566D6F3}.Ad-Hoc|x86.ActiveCfg = Release|Any CPU
		{DF65B91F-DED0-419C-B5D2-CC228566D6F3}.Ad-Hoc|x86.Build.0 = Release|Any CPU
		{DF65B91F-DED0-419C-B5D2-CC228566D6F3}.Ad-Hoc|x86.Deploy.0 = Release|Any CPU
		{DF65B91F-DED0-419C-B5D2-CC228566D6F3}.AppStore|Any CPU.ActiveCfg = Release|Any CPU
		{DF65B91F-DED0-419C-B5D2-CC228566D6F3}.AppStore|Any CPU.Build.0 = Release|Any CPU
		{DF65B91F-DED0-419C-B5D2-CC228566D6F3}.AppStore|Any CPU.Deploy.0 = Release|Any CPU
		{DF65B91F-DED0-419C-B5D2-CC228566D6F3}.AppStore|ARM.ActiveCfg = Release|Any CPU
		{DF65B91F-DED0-419C-B5D2-CC228566D6F3}.AppStore|ARM.Build.0 = Release|Any CPU
		{DF65B91F-DED0-419C-B5D2-CC228566D6F3}.AppStore|ARM.Deploy.0 = Release|Any CPU
		{DF65B91F-DED0-419C-B5D2-CC228566D6F3}.AppStore|iPhone.ActiveCfg = Release|Any CPU
		{DF65B91F-DED0-419C-B5D2-CC228566D6F3}.AppStore|iPhone.Build.0 = Release|Any CPU
		{DF65B91F-DED0-419C-B5D2-CC228566D6F3}.AppStore|iPhone.Deploy.0 = Release|Any CPU
		{DF65B91F-DED0-419C-B5D2-CC228566D6F3}.AppStore|iPhoneSimulator.ActiveCfg = Release|Any CPU
		{DF65B91F-DED0-419C-B5D2-CC228566D6F3}.AppStore|iPhoneSimulator.Build.0 = Release|Any CPU
		{DF65B91F-DED0-419C-B5D2-CC228566D6F3}.AppStore|iPhoneSimulator.Deploy.0 = Release|Any CPU
		{DF65B91F-DED0-419C-B5D2-CC228566D6F3}.AppStore|x64.ActiveCfg = Release|Any CPU
		{DF65B91F-DED0-419C-B5D2-CC228566D6F3}.AppStore|x64.Build.0 = Release|Any CPU
		{DF65B91F-DED0-419C-B5D2-CC228566D6F3}.AppStore|x64.Deploy.0 = Release|Any CPU
		{DF65B91F-DED0-419C-B5D2-CC228566D6F3}.AppStore|x86.ActiveCfg = Release|Any CPU
		{DF65B91F-DED0-419C-B5D2-CC228566D6F3}.AppStore|x86.Build.0 = Release|Any CPU
		{DF65B91F-DED0-419C-B5D2-CC228566D6F3}.AppStore|x86.Deploy.0 = Release|Any CPU
		{DF65B91F-DED0-419C-B5D2-CC228566D6F3}.Debug|Any CPU.ActiveCfg = Debug|Any CPU
		{DF65B91F-DED0-419C-B5D2-CC228566D6F3}.Debug|Any CPU.Build.0 = Debug|Any CPU
		{DF65B91F-DED0-419C-B5D2-CC228566D6F3}.Debug|Any CPU.Deploy.0 = Debug|Any CPU
		{DF65B91F-DED0-419C-B5D2-CC228566D6F3}.Debug|ARM.ActiveCfg = Debug|Any CPU
		{DF65B91F-DED0-419C-B5D2-CC228566D6F3}.Debug|ARM.Build.0 = Debug|Any CPU
		{DF65B91F-DED0-419C-B5D2-CC228566D6F3}.Debug|ARM.Deploy.0 = Debug|Any CPU
		{DF65B91F-DED0-419C-B5D2-CC228566D6F3}.Debug|iPhone.ActiveCfg = Debug|Any CPU
		{DF65B91F-DED0-419C-B5D2-CC228566D6F3}.Debug|iPhone.Build.0 = Debug|Any CPU
		{DF65B91F-DED0-419C-B5D2-CC228566D6F3}.Debug|iPhone.Deploy.0 = Debug|Any CPU
		{DF65B91F-DED0-419C-B5D2-CC228566D6F3}.Debug|iPhoneSimulator.ActiveCfg = Debug|Any CPU
		{DF65B91F-DED0-419C-B5D2-CC228566D6F3}.Debug|iPhoneSimulator.Build.0 = Debug|Any CPU
		{DF65B91F-DED0-419C-B5D2-CC228566D6F3}.Debug|iPhoneSimulator.Deploy.0 = Debug|Any CPU
		{DF65B91F-DED0-419C-B5D2-CC228566D6F3}.Debug|x64.ActiveCfg = Debug|Any CPU
		{DF65B91F-DED0-419C-B5D2-CC228566D6F3}.Debug|x64.Build.0 = Debug|Any CPU
		{DF65B91F-DED0-419C-B5D2-CC228566D6F3}.Debug|x64.Deploy.0 = Debug|Any CPU
		{DF65B91F-DED0-419C-B5D2-CC228566D6F3}.Debug|x86.ActiveCfg = Debug|Any CPU
		{DF65B91F-DED0-419C-B5D2-CC228566D6F3}.Debug|x86.Build.0 = Debug|Any CPU
		{DF65B91F-DED0-419C-B5D2-CC228566D6F3}.Debug|x86.Deploy.0 = Debug|Any CPU
		{DF65B91F-DED0-419C-B5D2-CC228566D6F3}.Release|Any CPU.ActiveCfg = Release|Any CPU
		{DF65B91F-DED0-419C-B5D2-CC228566D6F3}.Release|Any CPU.Build.0 = Release|Any CPU
		{DF65B91F-DED0-419C-B5D2-CC228566D6F3}.Release|Any CPU.Deploy.0 = Release|Any CPU
		{DF65B91F-DED0-419C-B5D2-CC228566D6F3}.Release|ARM.ActiveCfg = Release|Any CPU
		{DF65B91F-DED0-419C-B5D2-CC228566D6F3}.Release|ARM.Build.0 = Release|Any CPU
		{DF65B91F-DED0-419C-B5D2-CC228566D6F3}.Release|ARM.Deploy.0 = Release|Any CPU
		{DF65B91F-DED0-419C-B5D2-CC228566D6F3}.Release|iPhone.ActiveCfg = Release|Any CPU
		{DF65B91F-DED0-419C-B5D2-CC228566D6F3}.Release|iPhone.Build.0 = Release|Any CPU
		{DF65B91F-DED0-419C-B5D2-CC228566D6F3}.Release|iPhone.Deploy.0 = Release|Any CPU
		{DF65B91F-DED0-419C-B5D2-CC228566D6F3}.Release|iPhoneSimulator.ActiveCfg = Release|Any CPU
		{DF65B91F-DED0-419C-B5D2-CC228566D6F3}.Release|iPhoneSimulator.Build.0 = Release|Any CPU
		{DF65B91F-DED0-419C-B5D2-CC228566D6F3}.Release|iPhoneSimulator.Deploy.0 = Release|Any CPU
		{DF65B91F-DED0-419C-B5D2-CC228566D6F3}.Release|x64.ActiveCfg = Release|Any CPU
		{DF65B91F-DED0-419C-B5D2-CC228566D6F3}.Release|x64.Build.0 = Release|Any CPU
		{DF65B91F-DED0-419C-B5D2-CC228566D6F3}.Release|x64.Deploy.0 = Release|Any CPU
		{DF65B91F-DED0-419C-B5D2-CC228566D6F3}.Release|x86.ActiveCfg = Release|Any CPU
		{DF65B91F-DED0-419C-B5D2-CC228566D6F3}.Release|x86.Build.0 = Release|Any CPU
		{DF65B91F-DED0-419C-B5D2-CC228566D6F3}.Release|x86.Deploy.0 = Release|Any CPU
		{4319B986-1A43-4514-BDD0-2B04625C8165}.Ad-Hoc|Any CPU.ActiveCfg = Ad-Hoc|iPhone
		{4319B986-1A43-4514-BDD0-2B04625C8165}.Ad-Hoc|Any CPU.Build.0 = Ad-Hoc|iPhone
		{4319B986-1A43-4514-BDD0-2B04625C8165}.Ad-Hoc|Any CPU.Deploy.0 = Ad-Hoc|iPhone
		{4319B986-1A43-4514-BDD0-2B04625C8165}.Ad-Hoc|ARM.ActiveCfg = Ad-Hoc|iPhone
		{4319B986-1A43-4514-BDD0-2B04625C8165}.Ad-Hoc|ARM.Build.0 = Ad-Hoc|iPhone
		{4319B986-1A43-4514-BDD0-2B04625C8165}.Ad-Hoc|ARM.Deploy.0 = Ad-Hoc|iPhone
		{4319B986-1A43-4514-BDD0-2B04625C8165}.Ad-Hoc|iPhone.ActiveCfg = Ad-Hoc|iPhone
		{4319B986-1A43-4514-BDD0-2B04625C8165}.Ad-Hoc|iPhone.Build.0 = Ad-Hoc|iPhone
		{4319B986-1A43-4514-BDD0-2B04625C8165}.Ad-Hoc|iPhone.Deploy.0 = Ad-Hoc|iPhone
		{4319B986-1A43-4514-BDD0-2B04625C8165}.Ad-Hoc|iPhoneSimulator.ActiveCfg = Ad-Hoc|iPhoneSimulator
		{4319B986-1A43-4514-BDD0-2B04625C8165}.Ad-Hoc|iPhoneSimulator.Build.0 = Ad-Hoc|iPhoneSimulator
		{4319B986-1A43-4514-BDD0-2B04625C8165}.Ad-Hoc|iPhoneSimulator.Deploy.0 = Ad-Hoc|iPhoneSimulator
		{4319B986-1A43-4514-BDD0-2B04625C8165}.Ad-Hoc|x64.ActiveCfg = Ad-Hoc|iPhone
		{4319B986-1A43-4514-BDD0-2B04625C8165}.Ad-Hoc|x64.Build.0 = Ad-Hoc|iPhone
		{4319B986-1A43-4514-BDD0-2B04625C8165}.Ad-Hoc|x64.Deploy.0 = Ad-Hoc|iPhone
		{4319B986-1A43-4514-BDD0-2B04625C8165}.Ad-Hoc|x86.ActiveCfg = Ad-Hoc|iPhone
		{4319B986-1A43-4514-BDD0-2B04625C8165}.Ad-Hoc|x86.Build.0 = Ad-Hoc|iPhone
		{4319B986-1A43-4514-BDD0-2B04625C8165}.Ad-Hoc|x86.Deploy.0 = Ad-Hoc|iPhone
		{4319B986-1A43-4514-BDD0-2B04625C8165}.AppStore|Any CPU.ActiveCfg = AppStore|iPhone
		{4319B986-1A43-4514-BDD0-2B04625C8165}.AppStore|Any CPU.Build.0 = AppStore|iPhone
		{4319B986-1A43-4514-BDD0-2B04625C8165}.AppStore|Any CPU.Deploy.0 = AppStore|iPhone
		{4319B986-1A43-4514-BDD0-2B04625C8165}.AppStore|ARM.ActiveCfg = AppStore|iPhone
		{4319B986-1A43-4514-BDD0-2B04625C8165}.AppStore|ARM.Build.0 = AppStore|iPhone
		{4319B986-1A43-4514-BDD0-2B04625C8165}.AppStore|ARM.Deploy.0 = AppStore|iPhone
		{4319B986-1A43-4514-BDD0-2B04625C8165}.AppStore|iPhone.ActiveCfg = AppStore|iPhone
		{4319B986-1A43-4514-BDD0-2B04625C8165}.AppStore|iPhone.Build.0 = AppStore|iPhone
		{4319B986-1A43-4514-BDD0-2B04625C8165}.AppStore|iPhone.Deploy.0 = AppStore|iPhone
		{4319B986-1A43-4514-BDD0-2B04625C8165}.AppStore|iPhoneSimulator.ActiveCfg = AppStore|iPhoneSimulator
		{4319B986-1A43-4514-BDD0-2B04625C8165}.AppStore|iPhoneSimulator.Build.0 = AppStore|iPhoneSimulator
		{4319B986-1A43-4514-BDD0-2B04625C8165}.AppStore|iPhoneSimulator.Deploy.0 = AppStore|iPhoneSimulator
		{4319B986-1A43-4514-BDD0-2B04625C8165}.AppStore|x64.ActiveCfg = AppStore|iPhone
		{4319B986-1A43-4514-BDD0-2B04625C8165}.AppStore|x64.Build.0 = AppStore|iPhone
		{4319B986-1A43-4514-BDD0-2B04625C8165}.AppStore|x64.Deploy.0 = AppStore|iPhone
		{4319B986-1A43-4514-BDD0-2B04625C8165}.AppStore|x86.ActiveCfg = AppStore|iPhone
		{4319B986-1A43-4514-BDD0-2B04625C8165}.AppStore|x86.Build.0 = AppStore|iPhone
		{4319B986-1A43-4514-BDD0-2B04625C8165}.AppStore|x86.Deploy.0 = AppStore|iPhone
		{4319B986-1A43-4514-BDD0-2B04625C8165}.Debug|Any CPU.ActiveCfg = Debug|iPhoneSimulator
		{4319B986-1A43-4514-BDD0-2B04625C8165}.Debug|Any CPU.Build.0 = Debug|iPhoneSimulator
		{4319B986-1A43-4514-BDD0-2B04625C8165}.Debug|Any CPU.Deploy.0 = Debug|iPhoneSimulator
		{4319B986-1A43-4514-BDD0-2B04625C8165}.Debug|ARM.ActiveCfg = Debug|iPhone
		{4319B986-1A43-4514-BDD0-2B04625C8165}.Debug|ARM.Build.0 = Debug|iPhone
		{4319B986-1A43-4514-BDD0-2B04625C8165}.Debug|ARM.Deploy.0 = Debug|iPhone
		{4319B986-1A43-4514-BDD0-2B04625C8165}.Debug|iPhone.ActiveCfg = Debug|iPhone
		{4319B986-1A43-4514-BDD0-2B04625C8165}.Debug|iPhone.Build.0 = Debug|iPhone
		{4319B986-1A43-4514-BDD0-2B04625C8165}.Debug|iPhone.Deploy.0 = Debug|iPhone
		{4319B986-1A43-4514-BDD0-2B04625C8165}.Debug|iPhoneSimulator.ActiveCfg = Debug|iPhoneSimulator
		{4319B986-1A43-4514-BDD0-2B04625C8165}.Debug|iPhoneSimulator.Build.0 = Debug|iPhoneSimulator
		{4319B986-1A43-4514-BDD0-2B04625C8165}.Debug|iPhoneSimulator.Deploy.0 = Debug|iPhoneSimulator
		{4319B986-1A43-4514-BDD0-2B04625C8165}.Debug|x64.ActiveCfg = Debug|iPhone
		{4319B986-1A43-4514-BDD0-2B04625C8165}.Debug|x64.Build.0 = Debug|iPhone
		{4319B986-1A43-4514-BDD0-2B04625C8165}.Debug|x64.Deploy.0 = Debug|iPhone
		{4319B986-1A43-4514-BDD0-2B04625C8165}.Debug|x86.ActiveCfg = Debug|iPhone
		{4319B986-1A43-4514-BDD0-2B04625C8165}.Debug|x86.Build.0 = Debug|iPhone
		{4319B986-1A43-4514-BDD0-2B04625C8165}.Debug|x86.Deploy.0 = Debug|iPhone
		{4319B986-1A43-4514-BDD0-2B04625C8165}.Release|Any CPU.ActiveCfg = Release|iPhone
		{4319B986-1A43-4514-BDD0-2B04625C8165}.Release|Any CPU.Build.0 = Release|iPhone
		{4319B986-1A43-4514-BDD0-2B04625C8165}.Release|Any CPU.Deploy.0 = Release|iPhone
		{4319B986-1A43-4514-BDD0-2B04625C8165}.Release|ARM.ActiveCfg = Release|iPhone
		{4319B986-1A43-4514-BDD0-2B04625C8165}.Release|ARM.Build.0 = Release|iPhone
		{4319B986-1A43-4514-BDD0-2B04625C8165}.Release|ARM.Deploy.0 = Release|iPhone
		{4319B986-1A43-4514-BDD0-2B04625C8165}.Release|iPhone.ActiveCfg = Release|iPhone
		{4319B986-1A43-4514-BDD0-2B04625C8165}.Release|iPhone.Build.0 = Release|iPhone
		{4319B986-1A43-4514-BDD0-2B04625C8165}.Release|iPhone.Deploy.0 = Release|iPhone
		{4319B986-1A43-4514-BDD0-2B04625C8165}.Release|iPhoneSimulator.ActiveCfg = Release|iPhoneSimulator
		{4319B986-1A43-4514-BDD0-2B04625C8165}.Release|iPhoneSimulator.Build.0 = Release|iPhoneSimulator
		{4319B986-1A43-4514-BDD0-2B04625C8165}.Release|iPhoneSimulator.Deploy.0 = Release|iPhoneSimulator
		{4319B986-1A43-4514-BDD0-2B04625C8165}.Release|x64.ActiveCfg = Release|iPhone
		{4319B986-1A43-4514-BDD0-2B04625C8165}.Release|x64.Build.0 = Release|iPhone
		{4319B986-1A43-4514-BDD0-2B04625C8165}.Release|x64.Deploy.0 = Release|iPhone
		{4319B986-1A43-4514-BDD0-2B04625C8165}.Release|x86.ActiveCfg = Release|iPhone
		{4319B986-1A43-4514-BDD0-2B04625C8165}.Release|x86.Build.0 = Release|iPhone
		{4319B986-1A43-4514-BDD0-2B04625C8165}.Release|x86.Deploy.0 = Release|iPhone
		{6071D23D-30F2-45A4-99BB-AA7269CAA490}.Ad-Hoc|Any CPU.ActiveCfg = Release|x86
		{6071D23D-30F2-45A4-99BB-AA7269CAA490}.Ad-Hoc|Any CPU.Build.0 = Release|x86
		{6071D23D-30F2-45A4-99BB-AA7269CAA490}.Ad-Hoc|Any CPU.Deploy.0 = Release|x86
		{6071D23D-30F2-45A4-99BB-AA7269CAA490}.Ad-Hoc|ARM.ActiveCfg = Release|ARM
		{6071D23D-30F2-45A4-99BB-AA7269CAA490}.Ad-Hoc|ARM.Build.0 = Release|ARM
		{6071D23D-30F2-45A4-99BB-AA7269CAA490}.Ad-Hoc|ARM.Deploy.0 = Release|ARM
		{6071D23D-30F2-45A4-99BB-AA7269CAA490}.Ad-Hoc|iPhone.ActiveCfg = Release|x86
		{6071D23D-30F2-45A4-99BB-AA7269CAA490}.Ad-Hoc|iPhone.Build.0 = Release|x86
		{6071D23D-30F2-45A4-99BB-AA7269CAA490}.Ad-Hoc|iPhone.Deploy.0 = Release|x86
		{6071D23D-30F2-45A4-99BB-AA7269CAA490}.Ad-Hoc|iPhoneSimulator.ActiveCfg = Release|x86
		{6071D23D-30F2-45A4-99BB-AA7269CAA490}.Ad-Hoc|iPhoneSimulator.Build.0 = Release|x86
		{6071D23D-30F2-45A4-99BB-AA7269CAA490}.Ad-Hoc|iPhoneSimulator.Deploy.0 = Release|x86
		{6071D23D-30F2-45A4-99BB-AA7269CAA490}.Ad-Hoc|x64.ActiveCfg = Release|x64
		{6071D23D-30F2-45A4-99BB-AA7269CAA490}.Ad-Hoc|x64.Build.0 = Release|x64
		{6071D23D-30F2-45A4-99BB-AA7269CAA490}.Ad-Hoc|x64.Deploy.0 = Release|x64
		{6071D23D-30F2-45A4-99BB-AA7269CAA490}.Ad-Hoc|x86.ActiveCfg = Release|x86
		{6071D23D-30F2-45A4-99BB-AA7269CAA490}.Ad-Hoc|x86.Build.0 = Release|x86
		{6071D23D-30F2-45A4-99BB-AA7269CAA490}.Ad-Hoc|x86.Deploy.0 = Release|x86
		{6071D23D-30F2-45A4-99BB-AA7269CAA490}.AppStore|Any CPU.ActiveCfg = Release|x86
		{6071D23D-30F2-45A4-99BB-AA7269CAA490}.AppStore|Any CPU.Build.0 = Release|x86
		{6071D23D-30F2-45A4-99BB-AA7269CAA490}.AppStore|Any CPU.Deploy.0 = Release|x86
		{6071D23D-30F2-45A4-99BB-AA7269CAA490}.AppStore|ARM.ActiveCfg = Release|ARM
		{6071D23D-30F2-45A4-99BB-AA7269CAA490}.AppStore|ARM.Build.0 = Release|ARM
		{6071D23D-30F2-45A4-99BB-AA7269CAA490}.AppStore|ARM.Deploy.0 = Release|ARM
		{6071D23D-30F2-45A4-99BB-AA7269CAA490}.AppStore|iPhone.ActiveCfg = Release|x86
		{6071D23D-30F2-45A4-99BB-AA7269CAA490}.AppStore|iPhone.Build.0 = Release|x86
		{6071D23D-30F2-45A4-99BB-AA7269CAA490}.AppStore|iPhone.Deploy.0 = Release|x86
		{6071D23D-30F2-45A4-99BB-AA7269CAA490}.AppStore|iPhoneSimulator.ActiveCfg = Release|x86
		{6071D23D-30F2-45A4-99BB-AA7269CAA490}.AppStore|iPhoneSimulator.Build.0 = Release|x86
		{6071D23D-30F2-45A4-99BB-AA7269CAA490}.AppStore|iPhoneSimulator.Deploy.0 = Release|x86
		{6071D23D-30F2-45A4-99BB-AA7269CAA490}.AppStore|x64.ActiveCfg = Release|x64
		{6071D23D-30F2-45A4-99BB-AA7269CAA490}.AppStore|x64.Build.0 = Release|x64
		{6071D23D-30F2-45A4-99BB-AA7269CAA490}.AppStore|x64.Deploy.0 = Release|x64
		{6071D23D-30F2-45A4-99BB-AA7269CAA490}.AppStore|x86.ActiveCfg = Release|x86
		{6071D23D-30F2-45A4-99BB-AA7269CAA490}.AppStore|x86.Build.0 = Release|x86
		{6071D23D-30F2-45A4-99BB-AA7269CAA490}.AppStore|x86.Deploy.0 = Release|x86
		{6071D23D-30F2-45A4-99BB-AA7269CAA490}.Debug|Any CPU.ActiveCfg = Debug|x86
		{6071D23D-30F2-45A4-99BB-AA7269CAA490}.Debug|Any CPU.Build.0 = Debug|x86
		{6071D23D-30F2-45A4-99BB-AA7269CAA490}.Debug|Any CPU.Deploy.0 = Debug|x86
		{6071D23D-30F2-45A4-99BB-AA7269CAA490}.Debug|ARM.ActiveCfg = Debug|ARM
		{6071D23D-30F2-45A4-99BB-AA7269CAA490}.Debug|ARM.Build.0 = Debug|ARM
		{6071D23D-30F2-45A4-99BB-AA7269CAA490}.Debug|ARM.Deploy.0 = Debug|ARM
		{6071D23D-30F2-45A4-99BB-AA7269CAA490}.Debug|iPhone.ActiveCfg = Debug|x86
		{6071D23D-30F2-45A4-99BB-AA7269CAA490}.Debug|iPhone.Build.0 = Debug|x86
		{6071D23D-30F2-45A4-99BB-AA7269CAA490}.Debug|iPhone.Deploy.0 = Debug|x86
		{6071D23D-30F2-45A4-99BB-AA7269CAA490}.Debug|iPhoneSimulator.ActiveCfg = Debug|x86
		{6071D23D-30F2-45A4-99BB-AA7269CAA490}.Debug|iPhoneSimulator.Build.0 = Debug|x86
		{6071D23D-30F2-45A4-99BB-AA7269CAA490}.Debug|iPhoneSimulator.Deploy.0 = Debug|x86
		{6071D23D-30F2-45A4-99BB-AA7269CAA490}.Debug|x64.ActiveCfg = Debug|x64
		{6071D23D-30F2-45A4-99BB-AA7269CAA490}.Debug|x64.Build.0 = Debug|x64
		{6071D23D-30F2-45A4-99BB-AA7269CAA490}.Debug|x64.Deploy.0 = Debug|x64
		{6071D23D-30F2-45A4-99BB-AA7269CAA490}.Debug|x86.ActiveCfg = Debug|x86
		{6071D23D-30F2-45A4-99BB-AA7269CAA490}.Debug|x86.Build.0 = Debug|x86
		{6071D23D-30F2-45A4-99BB-AA7269CAA490}.Debug|x86.Deploy.0 = Debug|x86
		{6071D23D-30F2-45A4-99BB-AA7269CAA490}.Release|Any CPU.ActiveCfg = Release|x86
		{6071D23D-30F2-45A4-99BB-AA7269CAA490}.Release|Any CPU.Build.0 = Release|x86
		{6071D23D-30F2-45A4-99BB-AA7269CAA490}.Release|Any CPU.Deploy.0 = Release|x86
		{6071D23D-30F2-45A4-99BB-AA7269CAA490}.Release|ARM.ActiveCfg = Release|ARM
		{6071D23D-30F2-45A4-99BB-AA7269CAA490}.Release|ARM.Build.0 = Release|ARM
		{6071D23D-30F2-45A4-99BB-AA7269CAA490}.Release|ARM.Deploy.0 = Release|ARM
		{6071D23D-30F2-45A4-99BB-AA7269CAA490}.Release|iPhone.ActiveCfg = Release|x86
		{6071D23D-30F2-45A4-99BB-AA7269CAA490}.Release|iPhone.Build.0 = Release|x86
		{6071D23D-30F2-45A4-99BB-AA7269CAA490}.Release|iPhone.Deploy.0 = Release|x86
		{6071D23D-30F2-45A4-99BB-AA7269CAA490}.Release|iPhoneSimulator.ActiveCfg = Release|x86
		{6071D23D-30F2-45A4-99BB-AA7269CAA490}.Release|iPhoneSimulator.Build.0 = Release|x86
		{6071D23D-30F2-45A4-99BB-AA7269CAA490}.Release|iPhoneSimulator.Deploy.0 = Release|x86
		{6071D23D-30F2-45A4-99BB-AA7269CAA490}.Release|x64.ActiveCfg = Release|x64
		{6071D23D-30F2-45A4-99BB-AA7269CAA490}.Release|x64.Build.0 = Release|x64
		{6071D23D-30F2-45A4-99BB-AA7269CAA490}.Release|x64.Deploy.0 = Release|x64
		{6071D23D-30F2-45A4-99BB-AA7269CAA490}.Release|x86.ActiveCfg = Release|x86
		{6071D23D-30F2-45A4-99BB-AA7269CAA490}.Release|x86.Build.0 = Release|x86
		{6071D23D-30F2-45A4-99BB-AA7269CAA490}.Release|x86.Deploy.0 = Release|x86
		{0F7EB0A7-81D4-4EE8-A912-B7DBF1A318CF}.Ad-Hoc|Any CPU.ActiveCfg = Debug|Any CPU
		{0F7EB0A7-81D4-4EE8-A912-B7DBF1A318CF}.Ad-Hoc|Any CPU.Build.0 = Debug|Any CPU
		{0F7EB0A7-81D4-4EE8-A912-B7DBF1A318CF}.Ad-Hoc|Any CPU.Deploy.0 = Debug|Any CPU
		{0F7EB0A7-81D4-4EE8-A912-B7DBF1A318CF}.Ad-Hoc|ARM.ActiveCfg = Debug|Any CPU
		{0F7EB0A7-81D4-4EE8-A912-B7DBF1A318CF}.Ad-Hoc|ARM.Build.0 = Debug|Any CPU
		{0F7EB0A7-81D4-4EE8-A912-B7DBF1A318CF}.Ad-Hoc|ARM.Deploy.0 = Debug|Any CPU
		{0F7EB0A7-81D4-4EE8-A912-B7DBF1A318CF}.Ad-Hoc|iPhone.ActiveCfg = Debug|Any CPU
		{0F7EB0A7-81D4-4EE8-A912-B7DBF1A318CF}.Ad-Hoc|iPhone.Build.0 = Debug|Any CPU
		{0F7EB0A7-81D4-4EE8-A912-B7DBF1A318CF}.Ad-Hoc|iPhone.Deploy.0 = Debug|Any CPU
		{0F7EB0A7-81D4-4EE8-A912-B7DBF1A318CF}.Ad-Hoc|iPhoneSimulator.ActiveCfg = Debug|Any CPU
		{0F7EB0A7-81D4-4EE8-A912-B7DBF1A318CF}.Ad-Hoc|iPhoneSimulator.Build.0 = Debug|Any CPU
		{0F7EB0A7-81D4-4EE8-A912-B7DBF1A318CF}.Ad-Hoc|iPhoneSimulator.Deploy.0 = Debug|Any CPU
		{0F7EB0A7-81D4-4EE8-A912-B7DBF1A318CF}.Ad-Hoc|x64.ActiveCfg = Debug|Any CPU
		{0F7EB0A7-81D4-4EE8-A912-B7DBF1A318CF}.Ad-Hoc|x64.Build.0 = Debug|Any CPU
		{0F7EB0A7-81D4-4EE8-A912-B7DBF1A318CF}.Ad-Hoc|x64.Deploy.0 = Debug|Any CPU
		{0F7EB0A7-81D4-4EE8-A912-B7DBF1A318CF}.Ad-Hoc|x86.ActiveCfg = Debug|Any CPU
		{0F7EB0A7-81D4-4EE8-A912-B7DBF1A318CF}.Ad-Hoc|x86.Build.0 = Debug|Any CPU
		{0F7EB0A7-81D4-4EE8-A912-B7DBF1A318CF}.Ad-Hoc|x86.Deploy.0 = Debug|Any CPU
		{0F7EB0A7-81D4-4EE8-A912-B7DBF1A318CF}.AppStore|Any CPU.ActiveCfg = Debug|Any CPU
		{0F7EB0A7-81D4-4EE8-A912-B7DBF1A318CF}.AppStore|Any CPU.Build.0 = Debug|Any CPU
		{0F7EB0A7-81D4-4EE8-A912-B7DBF1A318CF}.AppStore|Any CPU.Deploy.0 = Debug|Any CPU
		{0F7EB0A7-81D4-4EE8-A912-B7DBF1A318CF}.AppStore|ARM.ActiveCfg = Debug|Any CPU
		{0F7EB0A7-81D4-4EE8-A912-B7DBF1A318CF}.AppStore|ARM.Build.0 = Debug|Any CPU
		{0F7EB0A7-81D4-4EE8-A912-B7DBF1A318CF}.AppStore|ARM.Deploy.0 = Debug|Any CPU
		{0F7EB0A7-81D4-4EE8-A912-B7DBF1A318CF}.AppStore|iPhone.ActiveCfg = Debug|Any CPU
		{0F7EB0A7-81D4-4EE8-A912-B7DBF1A318CF}.AppStore|iPhone.Build.0 = Debug|Any CPU
		{0F7EB0A7-81D4-4EE8-A912-B7DBF1A318CF}.AppStore|iPhone.Deploy.0 = Debug|Any CPU
		{0F7EB0A7-81D4-4EE8-A912-B7DBF1A318CF}.AppStore|iPhoneSimulator.ActiveCfg = Debug|Any CPU
		{0F7EB0A7-81D4-4EE8-A912-B7DBF1A318CF}.AppStore|iPhoneSimulator.Build.0 = Debug|Any CPU
		{0F7EB0A7-81D4-4EE8-A912-B7DBF1A318CF}.AppStore|iPhoneSimulator.Deploy.0 = Debug|Any CPU
		{0F7EB0A7-81D4-4EE8-A912-B7DBF1A318CF}.AppStore|x64.ActiveCfg = Debug|Any CPU
		{0F7EB0A7-81D4-4EE8-A912-B7DBF1A318CF}.AppStore|x64.Build.0 = Debug|Any CPU
		{0F7EB0A7-81D4-4EE8-A912-B7DBF1A318CF}.AppStore|x64.Deploy.0 = Debug|Any CPU
		{0F7EB0A7-81D4-4EE8-A912-B7DBF1A318CF}.AppStore|x86.ActiveCfg = Debug|Any CPU
		{0F7EB0A7-81D4-4EE8-A912-B7DBF1A318CF}.AppStore|x86.Build.0 = Debug|Any CPU
		{0F7EB0A7-81D4-4EE8-A912-B7DBF1A318CF}.AppStore|x86.Deploy.0 = Debug|Any CPU
		{0F7EB0A7-81D4-4EE8-A912-B7DBF1A318CF}.Debug|Any CPU.ActiveCfg = Debug|Any CPU
		{0F7EB0A7-81D4-4EE8-A912-B7DBF1A318CF}.Debug|Any CPU.Build.0 = Debug|Any CPU
		{0F7EB0A7-81D4-4EE8-A912-B7DBF1A318CF}.Debug|Any CPU.Deploy.0 = Debug|Any CPU
		{0F7EB0A7-81D4-4EE8-A912-B7DBF1A318CF}.Debug|ARM.ActiveCfg = Debug|Any CPU
		{0F7EB0A7-81D4-4EE8-A912-B7DBF1A318CF}.Debug|ARM.Build.0 = Debug|Any CPU
		{0F7EB0A7-81D4-4EE8-A912-B7DBF1A318CF}.Debug|ARM.Deploy.0 = Debug|Any CPU
		{0F7EB0A7-81D4-4EE8-A912-B7DBF1A318CF}.Debug|iPhone.ActiveCfg = Debug|Any CPU
		{0F7EB0A7-81D4-4EE8-A912-B7DBF1A318CF}.Debug|iPhone.Build.0 = Debug|Any CPU
		{0F7EB0A7-81D4-4EE8-A912-B7DBF1A318CF}.Debug|iPhone.Deploy.0 = Debug|Any CPU
		{0F7EB0A7-81D4-4EE8-A912-B7DBF1A318CF}.Debug|iPhoneSimulator.ActiveCfg = Debug|Any CPU
		{0F7EB0A7-81D4-4EE8-A912-B7DBF1A318CF}.Debug|iPhoneSimulator.Build.0 = Debug|Any CPU
		{0F7EB0A7-81D4-4EE8-A912-B7DBF1A318CF}.Debug|iPhoneSimulator.Deploy.0 = Debug|Any CPU
		{0F7EB0A7-81D4-4EE8-A912-B7DBF1A318CF}.Debug|x64.ActiveCfg = Debug|Any CPU
		{0F7EB0A7-81D4-4EE8-A912-B7DBF1A318CF}.Debug|x64.Build.0 = Debug|Any CPU
		{0F7EB0A7-81D4-4EE8-A912-B7DBF1A318CF}.Debug|x64.Deploy.0 = Debug|Any CPU
		{0F7EB0A7-81D4-4EE8-A912-B7DBF1A318CF}.Debug|x86.ActiveCfg = Debug|Any CPU
		{0F7EB0A7-81D4-4EE8-A912-B7DBF1A318CF}.Debug|x86.Build.0 = Debug|Any CPU
		{0F7EB0A7-81D4-4EE8-A912-B7DBF1A318CF}.Debug|x86.Deploy.0 = Debug|Any CPU
		{0F7EB0A7-81D4-4EE8-A912-B7DBF1A318CF}.Release|Any CPU.ActiveCfg = Release|Any CPU
		{0F7EB0A7-81D4-4EE8-A912-B7DBF1A318CF}.Release|Any CPU.Build.0 = Release|Any CPU
		{0F7EB0A7-81D4-4EE8-A912-B7DBF1A318CF}.Release|Any CPU.Deploy.0 = Release|Any CPU
		{0F7EB0A7-81D4-4EE8-A912-B7DBF1A318CF}.Release|ARM.ActiveCfg = Release|Any CPU
		{0F7EB0A7-81D4-4EE8-A912-B7DBF1A318CF}.Release|ARM.Build.0 = Release|Any CPU
		{0F7EB0A7-81D4-4EE8-A912-B7DBF1A318CF}.Release|ARM.Deploy.0 = Release|Any CPU
		{0F7EB0A7-81D4-4EE8-A912-B7DBF1A318CF}.Release|iPhone.ActiveCfg = Release|Any CPU
		{0F7EB0A7-81D4-4EE8-A912-B7DBF1A318CF}.Release|iPhone.Build.0 = Release|Any CPU
		{0F7EB0A7-81D4-4EE8-A912-B7DBF1A318CF}.Release|iPhone.Deploy.0 = Release|Any CPU
		{0F7EB0A7-81D4-4EE8-A912-B7DBF1A318CF}.Release|iPhoneSimulator.ActiveCfg = Release|Any CPU
		{0F7EB0A7-81D4-4EE8-A912-B7DBF1A318CF}.Release|iPhoneSimulator.Build.0 = Release|Any CPU
		{0F7EB0A7-81D4-4EE8-A912-B7DBF1A318CF}.Release|iPhoneSimulator.Deploy.0 = Release|Any CPU
		{0F7EB0A7-81D4-4EE8-A912-B7DBF1A318CF}.Release|x64.ActiveCfg = Release|Any CPU
		{0F7EB0A7-81D4-4EE8-A912-B7DBF1A318CF}.Release|x64.Build.0 = Release|Any CPU
		{0F7EB0A7-81D4-4EE8-A912-B7DBF1A318CF}.Release|x64.Deploy.0 = Release|Any CPU
		{0F7EB0A7-81D4-4EE8-A912-B7DBF1A318CF}.Release|x86.ActiveCfg = Release|Any CPU
		{0F7EB0A7-81D4-4EE8-A912-B7DBF1A318CF}.Release|x86.Build.0 = Release|Any CPU
		{0F7EB0A7-81D4-4EE8-A912-B7DBF1A318CF}.Release|x86.Deploy.0 = Release|Any CPU
	EndGlobalSection
	GlobalSection(SolutionProperties) = preSolution
		HideSolutionNode = FALSE
	EndGlobalSection
	GlobalSection(ExtensibilityGlobals) = postSolution
		SolutionGuid = {14867AC5-A5CC-4FD4-931D-3C486CB3910D}
	EndGlobalSection
EndGlobal
